Microsoft Visual Studio Solution File, Format Version 12.00
# Visual Studio Version 17
VisualStudioVersion = 17.5.2.0
MinimumVisualStudioVersion = 10.0.40219.1
Project("{FAE04EC0-301F-11D3-BF4B-00C04F79EFBC}") = "SmartGreenWebAPI", "SmartGreenWebAPI.csproj", "{B0D5A01F-EEE6-94D0-E99B-9AF040AF265F}"
EndProject
Global
	GlobalSection(SolutionConfigurationPlatforms) = preSolution
		Debug|Any CPU = Debug|Any CPU
		Release|Any CPU = Release|Any CPU
	EndGlobalSection
	GlobalSection(ProjectConfigurationPlatforms) = postSolution
		{B0D5A01F-EEE6-94D0-E99B-9AF040AF265F}.Debug|Any CPU.ActiveCfg = Debug|Any CPU
		{B0D5A01F-EEE6-94D0-E99B-9AF040AF265F}.Debug|Any CPU.Build.0 = Debug|Any CPU
		{B0D5A01F-EEE6-94D0-E99B-9AF040AF265F}.Release|Any CPU.ActiveCfg = Release|Any CPU
		{B0D5A01F-EEE6-94D0-E99B-9AF040AF265F}.Release|Any CPU.Build.0 = Release|Any CPU
	EndGlobalSection
	GlobalSection(SolutionProperties) = preSolution
		HideSolutionNode = FALSE
	EndGlobalSection
	GlobalSection(ExtensibilityGlobals) = postSolution
		SolutionGuid = {9910DD35-6794-4DF3-BF15-028D4DEAB51C}
	EndGlobalSection
EndGlobal
